Microsoft Visual Studio Solution File, Format Version 12.00
# Visual Studio 2012
Project("{FAE04EC0-301F-11D3-BF4B-00C04F79EFBC}") = "Misunderstood", "Misunderstood.csproj", "{56A25D3F-03ED-427C-BF4F-78BB7CC1F98A}"
EndProject
Global
	GlobalSection(SolutionConfigurationPlatforms) = preSolution
	Debug|Any CPU = Debug|Any CPU
	ExportDebug|Any CPU = ExportDebug|Any CPU
	ExportRelease|Any CPU = ExportRelease|Any CPU
	EndGlobalSection
	GlobalSection(ProjectConfigurationPlatforms) = postSolution
		{56A25D3F-03ED-427C-BF4F-78BB7CC1F98A}.Debug|Any CPU.ActiveCfg = Debug|Any CPU
		{56A25D3F-03ED-427C-BF4F-78BB7CC1F98A}.Debug|Any CPU.Build.0 = Debug|Any CPU
		{56A25D3F-03ED-427C-BF4F-78BB7CC1F98A}.ExportDebug|Any CPU.ActiveCfg = ExportDebug|Any CPU
		{56A25D3F-03ED-427C-BF4F-78BB7CC1F98A}.ExportDebug|Any CPU.Build.0 = ExportDebug|Any CPU
		{56A25D3F-03ED-427C-BF4F-78BB7CC1F98A}.ExportRelease|Any CPU.ActiveCfg = ExportRelease|Any CPU
		{56A25D3F-03ED-427C-BF4F-78BB7CC1F98A}.ExportRelease|Any CPU.Build.0 = ExportRelease|Any CPU
	EndGlobalSection
EndGlobal
